// !$*UTF8*$!
{
	archiveVersion = 1;
	classes = {
	};
	objectVersion = 56;
	objects = {

/* Begin PBXBuildFile section */
		90C85E23297E9BBA00422A3E /* virtualHamsterApp.swift in Sources */ = {isa = PBXBuildFile; fileRef = 90C85E22297E9BBA00422A3E /* virtualHamsterApp.swift */; };
		90C85E25297E9BBA00422A3E /* ContentView.swift in Sources */ = {isa = PBXBuildFile; fileRef = 90C85E24297E9BBA00422A3E /* ContentView.swift */; };
		90C85E27297E9BC500422A3E /* Assets.xcassets in Resources */ = {isa = PBXBuildFile; fileRef = 90C85E26297E9BC500422A3E /* Assets.xcassets */; };
		90C85E2A297E9BC500422A3E /* Preview Assets.xcassets in Resources */ = {isa = PBXBuildFile; fileRef = 90C85E29297E9BC500422A3E /* Preview Assets.xcassets */; };
		90C85E34297E9BC600422A3E /* virtualHamsterTests.swift in Sources */ = {isa = PBXBuildFile; fileRef = 90C85E33297E9BC600422A3E /* virtualHamsterTests.swift */; };
		90C85E3E297E9BC600422A3E /* virtualHamsterUITests.swift in Sources */ = {isa = PBXBuildFile; fileRef = 90C85E3D297E9BC600422A3E /* virtualHamsterUITests.swift */; };
		90C85E40297E9BC600422A3E /* virtualHamsterUITestsLaunchTests.swift in Sources */ = {isa = PBXBuildFile; fileRef = 90C85E3F297E9BC600422A3E /* virtualHamsterUITestsLaunchTests.swift */; };
/* End PBXBuildFile section */

/* Begin PBXContainerItemProxy section */
		90C85E30297E9BC600422A3E /* PBXContainerItemProxy */ = {
			isa = PBXContainerItemProxy;
			containerPortal = 90C85E17297E9BBA00422A3E /* Project object */;
			proxyType = 1;
			remoteGlobalIDString = 90C85E1E297E9BBA00422A3E;
			remoteInfo = virtualHamster;
		};
		90C85E3A297E9BC600422A3E /* PBXContainerItemProxy */ = {
			isa = PBXContainerItemProxy;
			containerPortal = 90C85E17297E9BBA00422A3E /* Project object */;
			proxyType = 1;
			remoteGlobalIDString = 90C85E1E297E9BBA00422A3E;
			remoteInfo = virtualHamster;
		};
/* End PBXContainerItemProxy section */

/* Begin PBXFileReference section */
		90C85E1F297E9BBA00422A3E /* virtualHamster.app */ = {isa = PBXFileReference; explicitFileType = wrapper.application; includeInIndex = 0; path = virtualHamster.app; sourceTree = BUILT_PRODUCTS_DIR; };
		90C85E22297E9BBA00422A3E /* virtualHamsterApp.swift */ = {isa = PBXFileReference; lastKnownFileType = sourcecode.swift; path = virtualHamsterApp.swift; sourceTree = "<group>"; };
		90C85E24297E9BBA00422A3E /* ContentView.swift */ = {isa = PBXFileReference; lastKnownFileType = sourcecode.swift; path = ContentView.swift; sourceTree = "<group>"; };
		90C85E26297E9BC500422A3E /* Assets.xcassets */ = {isa = PBXFileReference; lastKnownFileType = folder.assetcatalog; path = Assets.xcassets; sourceTree = "<group>"; };
		90C85E29297E9BC500422A3E /* Preview Assets.xcassets */ = {isa = PBXFileReference; lastKnownFileType = folder.assetcatalog; path = "Preview Assets.xcassets"; sourceTree = "<group>"; };
		90C85E2F297E9BC600422A3E /* virtualHamsterTests.xctest */ = {isa = PBXFileReference; explicitFileType = wrapper.cfbundle; includeInIndex = 0; path = virtualHamsterTests.xctest; sourceTree = BUILT_PRODUCTS_DIR; };
		90C85E33297E9BC600422A3E /* virtualHamsterTests.swift */ = {isa = PBXFileReference; lastKnownFileType = sourcecode.swift; path = virtualHamsterTests.swift; sourceTree = "<group>"; };
		90C85E39297E9BC600422A3E /* virtualHamsterUITests.xctest */ = {isa = PBXFileReference; explicitFileType = wrapper.cfbundle; includeInIndex = 0; path = virtualHamsterUITests.xctest; sourceTree = BUILT_PRODUCTS_DIR; };
		90C85E3D297E9BC600422A3E /* virtualHamsterUITests.swift */ = {isa = PBXFileReference; lastKnownFileType = sourcecode.swift; path = virtualHamsterUITests.swift; sourceTree = "<group>"; };
		90C85E3F297E9BC600422A3E /* virtualHamsterUITestsLaunchTests.swift */ = {isa = PBXFileReference; lastKnownFileType = sourcecode.swift; path = virtualHamsterUITestsLaunchTests.swift; sourceTree = "<group>"; };
/* End PBXFileReference section */

/* Begin PBXFrameworksBuildPhase section */
		90C85E1C297E9BBA00422A3E /* Frameworks */ = {
			isa = PBXFrameworksBuildPhase;
			buildActionMask = 2147483647;
			files = (
			);
			runOnlyForDeploymentPostprocessing = 0;
		};
		90C85E2C297E9BC600422A3E /* Frameworks */ = {
			isa = PBXFrameworksBuildPhase;
			buildActionMask = 2147483647;
			files = (
			);
			runOnlyForDeploymentPostprocessing = 0;
		};
		90C85E36297E9BC600422A3E /* Frameworks */ = {
			isa = PBXFrameworksBuildPhase;
			buildActionMask = 2147483647;
			files = (
			);
			runOnlyForDeploymentPostprocessing = 0;
		};
/* End PBXFrameworksBuildPhase section */

/* Begin PBXGroup section */
		90C85E16297E9BBA00422A3E = {
			isa = PBXGroup;
			children = (
				90C85E21297E9BBA00422A3E /* virtualHamster */,
				90C85E32297E9BC600422A3E /* virtualHamsterTests */,
				90C85E3C297E9BC600422A3E /* virtualHamsterUITests */,
				90C85E20297E9BBA00422A3E /* Products */,
			);
			sourceTree = "<group>";
		};
		90C85E20297E9BBA00422A3E /* Products */ = {
			isa = PBXGroup;
			children = (
				90C85E1F297E9BBA00422A3E /* virtualHamster.app */,
				90C85E2F297E9BC600422A3E /* virtualHamsterTests.xctest */,
				90C85E39297E9BC600422A3E /* virtualHamsterUITests.xctest */,
			);
			name = Products;
			sourceTree = "<group>";
		};
		90C85E21297E9BBA00422A3E /* virtualHamster */ = {
			isa = PBXGroup;
			children = (
				90C85E22297E9BBA00422A3E /* virtualHamsterApp.swift */,
				90C85E24297E9BBA00422A3E /* ContentView.swift */,
				90C85E26297E9BC500422A3E /* Assets.xcassets */,
				90C85E28297E9BC500422A3E /* Preview Content */,
			);
			path = virtualHamster;
			sourceTree = "<group>";
		};
		90C85E28297E9BC500422A3E /* Preview Content */ = {
			isa = PBXGroup;
			children = (
				90C85E29297E9BC500422A3E /* Preview Assets.xcassets */,
			);
			path = "Preview Content";
			sourceTree = "<group>";
		};
		90C85E32297E9BC600422A3E /* virtualHamsterTests */ = {
			isa = PBXGroup;
			children = (
				90C85E33297E9BC600422A3E /* virtualHamsterTests.swift */,
			);
			path = virtualHamsterTests;
			sourceTree = "<group>";
		};
		90C85E3C297E9BC600422A3E /* virtualHamsterUITests */ = {
			isa = PBXGroup;
			children = (
				90C85E3D297E9BC600422A3E /* virtualHamsterUITests.swift */,
				90C85E3F297E9BC600422A3E /* virtualHamsterUITestsLaunchTests.swift */,
			);
			path = virtualHamsterUITests;
			sourceTree = "<group>";
		};
/* End PBXGroup section */

/* Begin PBXNativeTarget section */
		90C85E1E297E9BBA00422A3E /* virtualHamster */ = {
			isa = PBXNativeTarget;
			buildConfigurationList = 90C85E43297E9BC600422A3E /* Build configuration list for PBXNativeTarget "virtualHamster" */;
			buildPhases = (
				90C85E1B297E9BBA00422A3E /* Sources */,
				90C85E1C297E9BBA00422A3E /* Frameworks */,
				90C85E1D297E9BBA00422A3E /* Resources */,
			);
			buildRules = (
			);
			dependencies = (
			);
			name = virtualHamster;
			productName = virtualHamster;
			productReference = 90C85E1F297E9BBA00422A3E /* virtualHamster.app */;
			productType = "com.apple.product-type.application";
		};
		90C85E2E297E9BC600422A3E /* virtualHamsterTests */ = {
			isa = PBXNativeTarget;
			buildConfigurationList = 90C85E46297E9BC600422A3E /* Build configuration list for PBXNativeTarget "virtualHamsterTests" */;
			buildPhases = (
				90C85E2B297E9BC600422A3E /* Sources */,
				90C85E2C297E9BC600422A3E /* Frameworks */,
				90C85E2D297E9BC600422A3E /* Resources */,
			);
			buildRules = (
			);
			dependencies = (
				90C85E31297E9BC600422A3E /* PBXTargetDependency */,
			);
			name = virtualHamsterTests;
			productName = virtualHamsterTests;
			productReference = 90C85E2F297E9BC600422A3E /* virtualHamsterTests.xctest */;
			productType = "com.apple.product-type.bundle.unit-test";
		};
		90C85E38297E9BC600422A3E /* virtualHamsterUITests */ = {
			isa = PBXNativeTarget;
			buildConfigurationList = 90C85E49297E9BC600422A3E /* Build configuration list for PBXNativeTarget "virtualHamsterUITests" */;
			buildPhases = (
				90C85E35297E9BC600422A3E /* Sources */,
				90C85E36297E9BC600422A3E /* Frameworks */,
				90C85E37297E9BC600422A3E /* Resources */,
			);
			buildRules = (
			);
			dependencies = (
				90C85E3B297E9BC600422A3E /* PBXTargetDependency */,
			);
			name = virtualHamsterUITests;
			productName = virtualHamsterUITests;
			productReference = 90C85E39297E9BC600422A3E /* virtualHamsterUITests.xctest */;
			productType = "com.apple.product-type.bundle.ui-testing";
		};
/* End PBXNativeTarget section */

/* Begin PBXProject section */
		90C85E17297E9BBA00422A3E /* Project object */ = {
			isa = PBXProject;
			attributes = {
				BuildIndependentTargetsInParallel = 1;
				LastSwiftUpdateCheck = 1410;
				LastUpgradeCheck = 1410;
				TargetAttributes = {
					90C85E1E297E9BBA00422A3E = {
						CreatedOnToolsVersion = 14.1;
					};
					90C85E2E297E9BC600422A3E = {
						CreatedOnToolsVersion = 14.1;
						TestTargetID = 90C85E1E297E9BBA00422A3E;
					};
					90C85E38297E9BC600422A3E = {
						CreatedOnToolsVersion = 14.1;
						TestTargetID = 90C85E1E297E9BBA00422A3E;
					};
				};
			};
			buildConfigurationList = 90C85E1A297E9BBA00422A3E /* Build configuration list for PBXProject "virtualHamster" */;
			compatibilityVersion = "Xcode 14.0";
			developmentRegion = en;
			hasScannedForEncodings = 0;
			knownRegions = (
				en,
				Base,
			);
			mainGroup = 90C85E16297E9BBA00422A3E;
			productRefGroup = 90C85E20297E9BBA00422A3E /* Products */;
			projectDirPath = "";
			projectRoot = "";
			targets = (
				90C85E1E297E9BBA00422A3E /* virtualHamster */,
				90C85E2E297E9BC600422A3E /* virtualHamsterTests */,
				90C85E38297E9BC600422A3E /* virtualHamsterUITests */,
			);
		};
/* End PBXProject section */

/* Begin PBXResourcesBuildPhase section */
		90C85E1D297E9BBA00422A3E /* Resources */ = {
			isa = PBXResourcesBuildPhase;
			buildActionMask = 2147483647;
			files = (
				90C85E2A297E9BC500422A3E /* Preview Assets.xcassets in Resources */,
				90C85E27297E9BC500422A3E /* Assets.xcassets in Resources */,
			);
			runOnlyForDeploymentPostprocessing = 0;
		};
		90C85E2D297E9BC600422A3E /* Resources */ = {
			isa = PBXResourcesBuildPhase;
			buildActionMask = 2147483647;
			files = (
			);
			runOnlyForDeploymentPostprocessing = 0;
		};
		90C85E37297E9BC600422A3E /* Resources */ = {
			isa = PBXResourcesBuildPhase;
			buildActionMask = 2147483647;
			files = (
			);
			runOnlyForDeploymentPostprocessing = 0;
		};
/* End PBXResourcesBuildPhase section */

/* Begin PBXSourcesBuildPhase section */
		90C85E1B297E9BBA00422A3E /* Sources */ = {
			isa = PBXSourcesBuildPhase;
			buildActionMask = 2147483647;
			files = (
				90C85E25297E9BBA00422A3E /* ContentView.swift in Sources */,
				90C85E23297E9BBA00422A3E /* virtualHamsterApp.swift in Sources */,
			);
			runOnlyForDeploymentPostprocessing = 0;
		};
		90C85E2B297E9BC600422A3E /* Sources */ = {
			isa = PBXSourcesBuildPhase;
			buildActionMask = 2147483647;
			files = (
				90C85E34297E9BC600422A3E /* virtualHamsterTests.swift in Sources */,
			);
			runOnlyForDeploymentPostprocessing = 0;
		};
		90C85E35297E9BC600422A3E /* Sources */ = {
			isa = PBXSourcesBuildPhase;
			buildActionMask = 2147483647;
			files = (
				90C85E3E297E9BC600422A3E /* virtualHamsterUITests.swift in Sources */,
				90C85E40297E9BC600422A3E /* virtualHamsterUITestsLaunchTests.swift in Sources */,
			);
			runOnlyForDeploymentPostprocessing = 0;
		};
/* End PBXSourcesBuildPhase section */

/* Begin PBXTargetDependency section */
		90C85E31297E9BC600422A3E /* PBXTargetDependency */ = {
			isa = PBXTargetDependency;
			target = 90C85E1E297E9BBA00422A3E /* virtualHamster */;
			targetProxy = 90C85E30297E9BC600422A3E /* PBXContainerItemProxy */;
		};
		90C85E3B297E9BC600422A3E /* PBXTargetDependency */ = {
			isa = PBXTargetDependency;
			target = 90C85E1E297E9BBA00422A3E /* virtualHamster */;
			targetProxy = 90C85E3A297E9BC600422A3E /* PBXContainerItemProxy */;
		};
/* End PBXTargetDependency section */

/* Begin XCBuildConfiguration section */
		90C85E41297E9BC600422A3E /* Debug */ = {
			isa = XCBuildConfiguration;
			buildSettings = {
				ALWAYS_SEARCH_USER_PATHS = NO;
				CLANG_ANALYZER_NONNULL = YES;
				CLANG_ANALYZER_NUMBER_OBJECT_CONVERSION = YES_AGGRESSIVE;
				CLANG_CXX_LANGUAGE_STANDARD = "gnu++20";
				CLANG_ENABLE_MODULES = YES;
				CLANG_ENABLE_OBJC_ARC = YES;
				CLANG_ENABLE_OBJC_WEAK = YES;
				CLANG_WARN_BLOCK_CAPTURE_AUTORELEASING = YES;
				CLANG_WARN_BOOL_CONVERSION = YES;
				CLANG_WARN_COMMA = YES;
				CLANG_WARN_CONSTANT_CONVERSION = YES;
				CLANG_WARN_DEPRECATED_OBJC_IMPLEMENTATIONS = YES;
				CLANG_WARN_DIRECT_OBJC_ISA_USAGE = YES_ERROR;
				CLANG_WARN_DOCUMENTATION_COMMENTS = YES;
				CLANG_WARN_EMPTY_BODY = YES;
				CLANG_WARN_ENUM_CONVERSION = YES;
				CLANG_WARN_INFINITE_RECURSION = YES;
				CLANG_WARN_INT_CONVERSION = YES;
				CLANG_WARN_NON_LITERAL_NULL_CONVERSION = YES;
				CLANG_WARN_OBJC_IMPLICIT_RETAIN_SELF = YES;
				CLANG_WARN_OBJC_LITERAL_CONVERSION = YES;
				CLANG_WARN_OBJC_ROOT_CLASS = YES_ERROR;
				CLANG_WARN_QUOTED_INCLUDE_IN_FRAMEWORK_HEADER = YES;
				CLANG_WARN_RANGE_LOOP_ANALYSIS = YES;
				CLANG_WARN_STRICT_PROTOTYPES = YES;
				CLANG_WARN_SUSPICIOUS_MOVE = YES;
				CLANG_WARN_UNGUARDED_AVAILABILITY = YES_AGGRESSIVE;
				CLANG_WARN_UNREACHABLE_CODE = YES;
				CLANG_WARN__DUPLICATE_METHOD_MATCH = YES;
				COPY_PHASE_STRIP = NO;
				DEBUG_INFORMATION_FORMAT = dwarf;
				ENABLE_STRICT_OBJC_MSGSEND = YES;
				ENABLE_TESTABILITY = YES;
				GCC_C_LANGUAGE_STANDARD = gnu11;
				GCC_DYNAMIC_NO_PIC = NO;
				GCC_NO_COMMON_BLOCKS = YES;
				GCC_OPTIMIZATION_LEVEL = 0;
				GCC_PREPROCESSOR_DEFINITIONS = (
					"DEBUG=1",
					"$(inherited)",
				);
				GCC_WARN_64_TO_32_BIT_CONVERSION = YES;
				GCC_WARN_ABOUT_RETURN_TYPE = YES_ERROR;
				GCC_WARN_UNDECLARED_SELECTOR = YES;
				GCC_WARN_UNINITIALIZED_AUTOS = YES_AGGRESSIVE;
				GCC_WARN_UNUSED_FUNCTION = YES;
				GCC_WARN_UNUSED_VARIABLE = YES;
				IPHONEOS_DEPLOYMENT_TARGET = 16.1;
				MTL_ENABLE_DEBUG_INFO = INCLUDE_SOURCE;
				MTL_FAST_MATH = YES;
				ONLY_ACTIVE_ARCH = YES;
				SDKROOT = iphoneos;
				SWIFT_ACTIVE_COMPILATION_CONDITIONS = DEBUG;
				SWIFT_OPTIMIZATION_LEVEL = "-Onone";
			};
			name = Debug;
		};
		90C85E42297E9BC600422A3E /* Release */ = {
			isa = XCBuildConfiguration;
			buildSettings = {
				ALWAYS_SEARCH_USER_PATHS = NO;
				CLANG_ANALYZER_NONNULL = YES;
				CLANG_ANALYZER_NUMBER_OBJECT_CONVERSION = YES_AGGRESSIVE;
				CLANG_CXX_LANGUAGE_STANDARD = "gnu++20";
				CLANG_ENABLE_MODULES = YES;
				CLANG_ENABLE_OBJC_ARC = YES;
				CLANG_ENABLE_OBJC_WEAK = YES;
				CLANG_WARN_BLOCK_CAPTURE_AUTORELEASING = YES;
				CLANG_WARN_BOOL_CONVERSION = YES;
				CLANG_WARN_COMMA = YES;
				CLANG_WARN_CONSTANT_CONVERSION = YES;
				CLANG_WARN_DEPRECATED_OBJC_IMPLEMENTATIONS = YES;
				CLANG_WARN_DIRECT_OBJC_ISA_USAGE = YES_ERROR;
				CLANG_WARN_DOCUMENTATION_COMMENTS = YES;
				CLANG_WARN_EMPTY_BODY = YES;
				CLANG_WARN_ENUM_CONVERSION = YES;
				CLANG_WARN_INFINITE_RECURSION = YES;
				CLANG_WARN_INT_CONVERSION = YES;
				CLANG_WARN_NON_LITERAL_NULL_CONVERSION = YES;
				CLANG_WARN_OBJC_IMPLICIT_RETAIN_SELF = YES;
				CLANG_WARN_OBJC_LITERAL_CONVERSION = YES;
				CLANG_WARN_OBJC_ROOT_CLASS = YES_ERROR;
				CLANG_WARN_QUOTED_INCLUDE_IN_FRAMEWORK_HEADER = YES;
				CLANG_WARN_RANGE_LOOP_ANALYSIS = YES;
				CLANG_WARN_STRICT_PROTOTYPES = YES;
				CLANG_WARN_SUSPICIOUS_MOVE = YES;
				CLANG_WARN_UNGUARDED_AVAILABILITY = YES_AGGRESSIVE;
				CLANG_WARN_UNREACHABLE_CODE = YES;
				CLANG_WARN__DUPLICATE_METHOD_MATCH = YES;
				COPY_PHASE_STRIP = NO;
				DEBUG_INFORMATION_FORMAT = "dwarf-with-dsym";
				ENABLE_NS_ASSERTIONS = NO;
				ENABLE_STRICT_OBJC_MSGSEND = YES;
				GCC_C_LANGUAGE_STANDARD = gnu11;
				GCC_NO_COMMON_BLOCKS = YES;
				GCC_WARN_64_TO_32_BIT_CONVERSION = YES;
				GCC_WARN_ABOUT_RETURN_TYPE = YES_ERROR;
				GCC_WARN_UNDECLARED_SELECTOR = YES;
				GCC_WARN_UNINITIALIZED_AUTOS = YES_AGGRESSIVE;
				GCC_WARN_UNUSED_FUNCTION = YES;
				GCC_WARN_UNUSED_VARIABLE = YES;
				IPHONEOS_DEPLOYMENT_TARGET = 16.1;
				MTL_ENABLE_DEBUG_INFO = NO;
				MTL_FAST_MATH = YES;
				SDKROOT = iphoneos;
				SWIFT_COMPILATION_MODE = wholemodule;
				SWIFT_OPTIMIZATION_LEVEL = "-O";
				VALIDATE_PRODUCT = YES;
			};
			name = Release;
		};
		90C85E44297E9BC600422A3E /* Debug */ = {
			isa = XCBuildConfiguration;
			buildSettings = {
				ASSETCATALOG_COMPILER_APPICON_NAME = AppIcon;
				ASSETCATALOG_COMPILER_GLOBAL_ACCENT_COLOR_NAME = AccentColor;
				CODE_SIGN_STYLE = Automatic;
				CURRENT_PROJECT_VERSION = 1;
				DEVELOPMENT_ASSET_PATHS = "\"virtualHamster/Preview Content\"";
				ENABLE_PREVIEWS = YES;
				GENERATE_INFOPLIST_FILE = YES;
				INFOPLIST_KEY_UIApplicationSceneManifest_Generation = YES;
				INFOPLIST_KEY_UIApplicationSupportsIndirectInputEvents = YES;
				INFOPLIST_KEY_UILaunchScreen_Generation = YES;
				INFOPLIST_KEY_UISupportedInterfaceOrientations_iPad = "UIInterfaceOrientationPortrait UIInterfaceOrientationPortraitUpsideDown UIInterfaceOrientationLandscapeLeft UIInterfaceOrientationLandscapeRight";
				INFOPLIST_KEY_UISupportedInterfaceOrientations_iPhone = "UIInterfaceOrientationPortrait UIInterfaceOrientationLandscapeLeft UIInterfaceOrientationLandscapeRight";
				LD_RUNPATH_SEARCH_PATHS = (
					"$(inherited)",
					"@executable_path/Frameworks",
				);
				MARKETING_VERSION = 1.0;
				PRODUCT_BUNDLE_IDENTIFIER = com.example.virtualHamster;
				PRODUCT_NAME = "$(TARGET_NAME)";
				SWIFT_EMIT_LOC_STRINGS = YES;
				SWIFT_VERSION = 5.0;
				TARGETED_DEVICE_FAMILY = "1,2";
			};
			name = Debug;
		};
		90C85E45297E9BC600422A3E /* Release */ = {
			isa = XCBuildConfiguration;
			buildSettings = {
				ASSETCATALOG_COMPILER_APPICON_NAME = AppIcon;
				ASSETCATALOG_COMPILER_GLOBAL_ACCENT_COLOR_NAME = AccentColor;
				CODE_SIGN_STYLE = Automatic;
				CURRENT_PROJECT_VERSION = 1;
				DEVELOPMENT_ASSET_PATHS = "\"virtualHamster/Preview Content\"";
				ENABLE_PREVIEWS = YES;
				GENERATE_INFOPLIST_FILE = YES;
				INFOPLIST_KEY_UIApplicationSceneManifest_Generation = YES;
				INFOPLIST_KEY_UIApplicationSupportsIndirectInputEvents = YES;
				INFOPLIST_KEY_UILaunchScreen_Generation = YES;
				INFOPLIST_KEY_UISupportedInterfaceOrientations_iPad = "UIInterfaceOrientationPortrait UIInterfaceOrientationPortraitUpsideDown UIInterfaceOrientationLandscapeLeft UIInterfaceOrientationLandscapeRight";
				INFOPLIST_KEY_UISupportedInterfaceOrientations_iPhone = "UIInterfaceOrientationPortrait UIInterfaceOrientationLandscapeLeft UIInterfaceOrientationLandscapeRight";
				LD_RUNPATH_SEARCH_PATHS = (
					"$(inherited)",
					"@executable_path/Frameworks",
				);
				MARKETING_VERSION = 1.0;
				PRODUCT_BUNDLE_IDENTIFIER = com.example.virtualHamster;
				PRODUCT_NAME = "$(TARGET_NAME)";
				SWIFT_EMIT_LOC_STRINGS = YES;
				SWIFT_VERSION = 5.0;
				TARGETED_DEVICE_FAMILY = "1,2";
			};
			name = Release;
		};
		90C85E47297E9BC600422A3E /* Debug */ = {
			isa = XCBuildConfiguration;
			buildSettings = {
				ALWAYS_EMBED_SWIFT_STANDARD_LIBRARIES = YES;
				BUNDLE_LOADER = "$(TEST_HOST)";
				CODE_SIGN_STYLE = Automatic;
				CURRENT_PROJECT_VERSION = 1;
				GENERATE_INFOPLIST_FILE = YES;
				IPHONEOS_DEPLOYMENT_TARGET = 16.1;
				MARKETING_VERSION = 1.0;
				PRODUCT_BUNDLE_IDENTIFIER = com.example.virtualHamsterTests;
				PRODUCT_NAME = "$(TARGET_NAME)";
				SWIFT_EMIT_LOC_STRINGS = NO;
				SWIFT_VERSION = 5.0;
				TARGETED_DEVICE_FAMILY = "1,2";
				TEST_HOST = "$(BUILT_PRODUCTS_DIR)/virtualHamster.app/$(BUNDLE_EXECUTABLE_FOLDER_PATH)/virtualHamster";
			};
			name = Debug;
		};
		90C85E48297E9BC600422A3E /* Release */ = {
			isa = XCBuildConfiguration;
			buildSettings = {
				ALWAYS_EMBED_SWIFT_STANDARD_LIBRARIES = YES;
				BUNDLE_LOADER = "$(TEST_HOST)";
				CODE_SIGN_STYLE = Automatic;
				CURRENT_PROJECT_VERSION = 1;
				GENERATE_INFOPLIST_FILE = YES;
				IPHONEOS_DEPLOYMENT_TARGET = 16.1;
				MARKETING_VERSION = 1.0;
				PRODUCT_BUNDLE_IDENTIFIER = com.example.virtualHamsterTests;
				PRODUCT_NAME = "$(TARGET_NAME)";
				SWIFT_EMIT_LOC_STRINGS = NO;
				SWIFT_VERSION = 5.0;
				TARGETED_DEVICE_FAMILY = "1,2";
				TEST_HOST = "$(BUILT_PRODUCTS_DIR)/virtualHamster.app/$(BUNDLE_EXECUTABLE_FOLDER_PATH)/virtualHamster";
			};
			name = Release;
		};
		90C85E4A297E9BC600422A3E /* Debug */ = {
			isa = XCBuildConfiguration;
			buildSettings = {
				ALWAYS_EMBED_SWIFT_STANDARD_LIBRARIES = YES;
				CODE_SIGN_STYLE = Automatic;
				CURRENT_PROJECT_VERSION = 1;
				GENERATE_INFOPLIST_FILE = YES;
				MARKETING_VERSION = 1.0;
				PRODUCT_BUNDLE_IDENTIFIER = com.example.virtualHamsterUITests;
				PRODUCT_NAME = "$(TARGET_NAME)";
				SWIFT_EMIT_LOC_STRINGS = NO;
				SWIFT_VERSION = 5.0;
				TARGETED_DEVICE_FAMILY = "1,2";
				TEST_TARGET_NAME = virtualHamster;
			};
			name = Debug;
		};
		90C85E4B297E9BC600422A3E /* Release */ = {
			isa = XCBuildConfiguration;
			buildSettings = {
				ALWAYS_EMBED_SWIFT_STANDARD_LIBRARIES = YES;
				CODE_SIGN_STYLE = Automatic;
				CURRENT_PROJECT_VERSION = 1;
				GENERATE_INFOPLIST_FILE = YES;
				MARKETING_VERSION = 1.0;
				PRODUCT_BUNDLE_IDENTIFIER = com.example.virtualHamsterUITests;
				PRODUCT_NAME = "$(TARGET_NAME)";
				SWIFT_EMIT_LOC_STRINGS = NO;
				SWIFT_VERSION = 5.0;
				TARGETED_DEVICE_FAMILY = "1,2";
				TEST_TARGET_NAME = virtualHamster;
			};
			name = Release;
		};
/* End XCBuildConfiguration section */

/* Begin XCConfigurationList section */
		90C85E1A297E9BBA00422A3E /* Build configuration list for PBXProject "virtualHamster" */ = {
			isa = XCConfigurationList;
			buildConfigurations = (
				90C85E41297E9BC600422A3E /* Debug */,
				90C85E42297E9BC600422A3E /* Release */,
			);
			defaultConfigurationIsVisible = 0;
			defaultConfigurationName = Release;
		};
		90C85E43297E9BC600422A3E /* Build configuration list for PBXNativeTarget "virtualHamster" */ = {
			isa = XCConfigurationList;
			buildConfigurations = (
				90C85E44297E9BC600422A3E /* Debug */,
				90C85E45297E9BC600422A3E /* Release */,
			);
			defaultConfigurationIsVisible = 0;
			defaultConfigurationName = Release;
		};
		90C85E46297E9BC600422A3E /* Build configuration list for PBXNativeTarget "virtualHamsterTests" */ = {
			isa = XCConfigurationList;
			buildConfigurations = (
				90C85E47297E9BC600422A3E /* Debug */,
				90C85E48297E9BC600422A3E /* Release */,
			);
			defaultConfigurationIsVisible = 0;
			defaultConfigurationName = Release;
		};
		90C85E49297E9BC600422A3E /* Build configuration list for PBXNativeTarget "virtualHamsterUITests" */ = {
			isa = XCConfigurationList;
			buildConfigurations = (
				90C85E4A297E9BC600422A3E /* Debug */,
				90C85E4B297E9BC600422A3E /* Release */,
			);
			defaultConfigurationIsVisible = 0;
			defaultConfigurationName = Release;
		};
/* End XCConfigurationList section */
	};
	rootObject = 90C85E17297E9BBA00422A3E /* Project object */;
}
